
Microsoft Visual Studio Solution File, Format Version 12.00
# Visual Studio Version 16
VisualStudioVersion = 16.0.30225.117
MinimumVisualStudioVersion = 10.0.40219.1
Project("{9A19103F-16F7-4668-BE54-9A1E7A4F7556}") = "BlazorWiki", "BlazorWiki.csproj", "{62DF5B57-16C5-4238-A0DA-82229B4112A1}"
EndProject
Global
	GlobalSection(SolutionConfigurationPlatforms) = preSolution
		Debug|Any CPU = Debug|Any CPU
		Release|Any CPU = Release|Any CPU
	EndGlobalSection
	GlobalSection(ProjectConfigurationPlatforms) = postSolution
		{62DF5B57-16C5-4238-A0DA-82229B4112A1}.Debug|Any CPU.ActiveCfg = Debug|Any CPU
		{62DF5B57-16C5-4238-A0DA-82229B4112A1}.Debug|Any CPU.Build.0 = Debug|Any CPU
		{62DF5B57-16C5-4238-A0DA-82229B4112A1}.Release|Any CPU.ActiveCfg = Release|Any CPU
		{62DF5B57-16C5-4238-A0DA-82229B4112A1}.Release|Any CPU.Build.0 = Release|Any CPU
	EndGlobalSection
	GlobalSection(SolutionProperties) = preSolution
		HideSolutionNode = FALSE
	EndGlobalSection
	GlobalSection(ExtensibilityGlobals) = postSolution
		SolutionGuid = {0360547D-C4C8-4CFF-ADFE-7828ECE1AF27}
	EndGlobalSection
EndGlobal
